
Microsoft Visual Studio Solution File, Format Version 12.00
# Visual Studio 15
VisualStudioVersion = 15.0.28307.168
MinimumVisualStudioVersion = 10.0.40219.1
Project("{8BC9CEB8-8B4A-11D0-8D11-00A0C91BC942}") = "MalproxyClient", "MalproxyClient\MalproxyClient.vcxproj", "{4B46D435-9AA2-4C92-BA46-B78761CE5527}"
EndProject
Project("{8BC9CEB8-8B4A-11D0-8D11-00A0C91BC942}") = "common_proto", "rpc\common_proto\common_proto.vcxproj", "{2B9BFEA3-B6E6-4CD4-954C-8116ADE61FE1}"
EndProject
Project("{8BC9CEB8-8B4A-11D0-8D11-00A0C91BC942}") = "RpcLib", "RpcLib\RpcLib.vcxproj", "{F9514497-C68C-4420-B4AB-8E78DF581791}"
EndProject
Project("{8BC9CEB8-8B4A-11D0-8D11-00A0C91BC942}") = "Framework", "Framework\Framework.vcxproj", "{3853C1A3-62F9-4E5D-9C8E-8C3DFC4CB93E}"
EndProject
Project("{8BC9CEB8-8B4A-11D0-8D11-00A0C91BC942}") = "MalproxyServer", "MalproxyServer\MalproxyServer.vcxproj", "{4B46D435-9AA2-4C92-BA56-B78761CE5527}"
EndProject
Project("{FAE04EC0-301F-11D3-BF4B-00C04F79EFBC}") = "MalproxyCompiler", "MalproxyCompiler\MalproxyCompiler.csproj", "{CD602ABA-2575-4C54-BEB4-041ACB85EB1F}"
EndProject
Project("{2150E333-8FDC-42A3-9474-1A3956D46DE8}") = "Payloads", "Payloads", "{470577E5-D01A-4B69-8CF1-5C1F56904E24}"
EndProject
Project("{8BC9CEB8-8B4A-11D0-8D11-00A0C91BC942}") = "CreateFileExe", "Payloads\CreateFileExe\CreateFileExe.vcxproj", "{0A40ABF8-3597-4F45-B611-002DD896E9F4}"
EndProject
Global
	GlobalSection(SolutionConfigurationPlatforms) = preSolution
		Debug|Any CPU = Debug|Any CPU
		Debug|x64 = Debug|x64
		Debug|x86 = Debug|x86
		Release|Any CPU = Release|Any CPU
		Release|x64 = Release|x64
		Release|x86 = Release|x86
	EndGlobalSection
	GlobalSection(ProjectConfigurationPlatforms) = postSolution
		{4B46D435-9AA2-4C92-BA46-B78761CE5527}.Debug|Any CPU.ActiveCfg = Debug|Win32
		{4B46D435-9AA2-4C92-BA46-B78761CE5527}.Debug|x64.ActiveCfg = Debug|x64
		{4B46D435-9AA2-4C92-BA46-B78761CE5527}.Debug|x64.Build.0 = Debug|x64
		{4B46D435-9AA2-4C92-BA46-B78761CE5527}.Debug|x86.ActiveCfg = Debug|Win32
		{4B46D435-9AA2-4C92-BA46-B78761CE5527}.Debug|x86.Build.0 = Debug|Win32
		{4B46D435-9AA2-4C92-BA46-B78761CE5527}.Release|Any CPU.ActiveCfg = Release|Win32
		{4B46D435-9AA2-4C92-BA46-B78761CE5527}.Release|x64.ActiveCfg = Release|x64
		{4B46D435-9AA2-4C92-BA46-B78761CE5527}.Release|x64.Build.0 = Release|x64
		{4B46D435-9AA2-4C92-BA46-B78761CE5527}.Release|x86.ActiveCfg = Release|Win32
		{4B46D435-9AA2-4C92-BA46-B78761CE5527}.Release|x86.Build.0 = Release|Win32
		{2B9BFEA3-B6E6-4CD4-954C-8116ADE61FE1}.Debug|Any CPU.ActiveCfg = Debug|Win32
		{2B9BFEA3-B6E6-4CD4-954C-8116ADE61FE1}.Debug|x64.ActiveCfg = Debug|x64
		{2B9BFEA3-B6E6-4CD4-954C-8116ADE61FE1}.Debug|x64.Build.0 = Debug|x64
		{2B9BFEA3-B6E6-4CD4-954C-8116ADE61FE1}.Debug|x86.ActiveCfg = Debug|Win32
		{2B9BFEA3-B6E6-4CD4-954C-8116ADE61FE1}.Debug|x86.Build.0 = Debug|Win32
		{2B9BFEA3-B6E6-4CD4-954C-8116ADE61FE1}.Release|Any CPU.ActiveCfg = Release|Win32
		{2B9BFEA3-B6E6-4CD4-954C-8116ADE61FE1}.Release|x64.ActiveCfg = Release|x64
		{2B9BFEA3-B6E6-4CD4-954C-8116ADE61FE1}.Release|x64.Build.0 = Release|x64
		{2B9BFEA3-B6E6-4CD4-954C-8116ADE61FE1}.Release|x86.ActiveCfg = Release|Win32
		{2B9BFEA3-B6E6-4CD4-954C-8116ADE61FE1}.Release|x86.Build.0 = Release|Win32
		{F9514497-C68C-4420-B4AB-8E78DF581791}.Debug|Any CPU.ActiveCfg = Debug|Win32
		{F9514497-C68C-4420-B4AB-8E78DF581791}.Debug|x64.ActiveCfg = Debug|x64
		{F9514497-C68C-4420-B4AB-8E78DF581791}.Debug|x64.Build.0 = Debug|x64
		{F9514497-C68C-4420-B4AB-8E78DF581791}.Debug|x86.ActiveCfg = Debug|Win32
		{F9514497-C68C-4420-B4AB-8E78DF581791}.Debug|x86.Build.0 = Debug|Win32
		{F9514497-C68C-4420-B4AB-8E78DF581791}.Release|Any CPU.ActiveCfg = Release|Win32
		{F9514497-C68C-4420-B4AB-8E78DF581791}.Release|x64.ActiveCfg = Release|x64
		{F9514497-C68C-4420-B4AB-8E78DF581791}.Release|x64.Build.0 = Release|x64
		{F9514497-C68C-4420-B4AB-8E78DF581791}.Release|x86.ActiveCfg = Release|Win32
		{F9514497-C68C-4420-B4AB-8E78DF581791}.Release|x86.Build.0 = Release|Win32
		{3853C1A3-62F9-4E5D-9C8E-8C3DFC4CB93E}.Debug|Any CPU.ActiveCfg = Debug|Win32
		{3853C1A3-62F9-4E5D-9C8E-8C3DFC4CB93E}.Debug|x64.ActiveCfg = Debug|x64
		{3853C1A3-62F9-4E5D-9C8E-8C3DFC4CB93E}.Debug|x64.Build.0 = Debug|x64
		{3853C1A3-62F9-4E5D-9C8E-8C3DFC4CB93E}.Debug|x86.ActiveCfg = Debug|Win32
		{3853C1A3-62F9-4E5D-9C8E-8C3DFC4CB93E}.Debug|x86.Build.0 = Debug|Win32
		{3853C1A3-62F9-4E5D-9C8E-8C3DFC4CB93E}.Release|Any CPU.ActiveCfg = Release|Win32
		{3853C1A3-62F9-4E5D-9C8E-8C3DFC4CB93E}.Release|x64.ActiveCfg = Release|x64
		{3853C1A3-62F9-4E5D-9C8E-8C3DFC4CB93E}.Release|x64.Build.0 = Release|x64
		{3853C1A3-62F9-4E5D-9C8E-8C3DFC4CB93E}.Release|x86.ActiveCfg = Release|Win32
		{3853C1A3-62F9-4E5D-9C8E-8C3DFC4CB93E}.Release|x86.Build.0 = Release|Win32
		{4B46D435-9AA2-4C92-BA56-B78761CE5527}.Debug|Any CPU.ActiveCfg = Debug|Win32
		{4B46D435-9AA2-4C92-BA56-B78761CE5527}.Debug|x64.ActiveCfg = Debug|x64
		{4B46D435-9AA2-4C92-BA56-B78761CE5527}.Debug|x64.Build.0 = Debug|x64
		{4B46D435-9AA2-4C92-BA56-B78761CE5527}.Debug|x86.ActiveCfg = Debug|Win32
		{4B46D435-9AA2-4C92-BA56-B78761CE5527}.Debug|x86.Build.0 = Debug|Win32
		{4B46D435-9AA2-4C92-BA56-B78761CE5527}.Release|Any CPU.ActiveCfg = Release|Win32
		{4B46D435-9AA2-4C92-BA56-B78761CE5527}.Release|x64.ActiveCfg = Release|x64
		{4B46D435-9AA2-4C92-BA56-B78761CE5527}.Release|x64.Build.0 = Release|x64
		{4B46D435-9AA2-4C92-BA56-B78761CE5527}.Release|x86.ActiveCfg = Release|Win32
		{4B46D435-9AA2-4C92-BA56-B78761CE5527}.Release|x86.Build.0 = Release|Win32
		{CD602ABA-2575-4C54-BEB4-041ACB85EB1F}.Debug|Any CPU.ActiveCfg = Debug|Any CPU
		{CD602ABA-2575-4C54-BEB4-041ACB85EB1F}.Debug|Any CPU.Build.0 = Debug|Any CPU
		{CD602ABA-2575-4C54-BEB4-041ACB85EB1F}.Debug|x64.ActiveCfg = Debug|Any CPU
		{CD602ABA-2575-4C54-BEB4-041ACB85EB1F}.Debug|x64.Build.0 = Debug|Any CPU
		{CD602ABA-2575-4C54-BEB4-041ACB85EB1F}.Debug|x86.ActiveCfg = Debug|Any CPU
		{CD602ABA-2575-4C54-BEB4-041ACB85EB1F}.Debug|x86.Build.0 = Debug|Any CPU
		{CD602ABA-2575-4C54-BEB4-041ACB85EB1F}.Release|Any CPU.ActiveCfg = Release|Any CPU
		{CD602ABA-2575-4C54-BEB4-041ACB85EB1F}.Release|Any CPU.Build.0 = Release|Any CPU
		{CD602ABA-2575-4C54-BEB4-041ACB85EB1F}.Release|x64.ActiveCfg = Release|Any CPU
		{CD602ABA-2575-4C54-BEB4-041ACB85EB1F}.Release|x64.Build.0 = Release|Any CPU
		{CD602ABA-2575-4C54-BEB4-041ACB85EB1F}.Release|x86.ActiveCfg = Release|Any CPU
		{CD602ABA-2575-4C54-BEB4-041ACB85EB1F}.Release|x86.Build.0 = Release|Any CPU
		{0A40ABF8-3597-4F45-B611-002DD896E9F4}.Debug|Any CPU.ActiveCfg = Debug|Win32
		{0A40ABF8-3597-4F45-B611-002DD896E9F4}.Debug|x64.ActiveCfg = Debug|x64
		{0A40ABF8-3597-4F45-B611-002DD896E9F4}.Debug|x64.Build.0 = Debug|x64
		{0A40ABF8-3597-4F45-B611-002DD896E9F4}.Debug|x86.ActiveCfg = Debug|Win32
		{0A40ABF8-3597-4F45-B611-002DD896E9F4}.Debug|x86.Build.0 = Debug|Win32
		{0A40ABF8-3597-4F45-B611-002DD896E9F4}.Release|Any CPU.ActiveCfg = Release|Win32
		{0A40ABF8-3597-4F45-B611-002DD896E9F4}.Release|x64.ActiveCfg = Release|x64
		{0A40ABF8-3597-4F45-B611-002DD896E9F4}.Release|x64.Build.0 = Release|x64
		{0A40ABF8-3597-4F45-B611-002DD896E9F4}.Release|x86.ActiveCfg = Release|Win32
		{0A40ABF8-3597-4F45-B611-002DD896E9F4}.Release|x86.Build.0 = Release|Win32
	EndGlobalSection
	GlobalSection(SolutionProperties) = preSolution
		HideSolutionNode = FALSE
	EndGlobalSection
	GlobalSection(NestedProjects) = preSolution
		{0A40ABF8-3597-4F45-B611-002DD896E9F4} = {470577E5-D01A-4B69-8CF1-5C1F56904E24}
	EndGlobalSection
	GlobalSection(ExtensibilityGlobals) = postSolution
		SolutionGuid = {EE931DE3-B9DA-4326-8145-FDFF07326815}
	EndGlobalSection
EndGlobal
